// !$*UTF8*$!
{
	archiveVersion = 1;
	classes = {
	};
	objectVersion = 46;
	objects = {

/* Begin PBXBuildFile section */
		D52CB7461D870C170072029D /* AppDelegate.swift in Sources */ = {isa = PBXBuildFile; fileRef = D52CB7451D870C170072029D /* AppDelegate.swift */; };
		D52CB7481D870C170072029D /* ViewController.swift in Sources */ = {isa = PBXBuildFile; fileRef = D52CB7471D870C170072029D /* ViewController.swift */; };
		D52CB74B1D870C170072029D /* Main.storyboard in Resources */ = {isa = PBXBuildFile; fileRef = D52CB7491D870C170072029D /* Main.storyboard */; };
		D52CB74D1D870C170072029D /* Assets.xcassets in Resources */ = {isa = PBXBuildFile; fileRef = D52CB74C1D870C170072029D /* Assets.xcassets */; };
		D52CB7501D870C170072029D /* LaunchScreen.storyboard in Resources */ = {isa = PBXBuildFile; fileRef = D52CB74E1D870C170072029D /* LaunchScreen.storyboard */; };
/* End PBXBuildFile section */

/* Begin PBXFileReference section */
		D52CB7421D870C170072029D /* Scroll it.app */ = {isa = PBXFileReference; explicitFileType = wrapper.application; includeInIndex = 0; path = "Scroll it.app"; sourceTree = BUILT_PRODUCTS_DIR; };
		D52CB7451D870C170072029D /* AppDelegate.swift */ = {isa = PBXFileReference; lastKnownFileType = sourcecode.swift; path = AppDelegate.swift; sourceTree = "<group>"; };
		D52CB7471D870C170072029D /* ViewController.swift */ = {isa = PBXFileReference; lastKnownFileType = sourcecode.swift; path = ViewController.swift; sourceTree = "<group>"; };
		D52CB74A1D870C170072029D /* Base */ = {isa = PBXFileReference; lastKnownFileType = file.storyboard; name = Base; path = Base.lproj/Main.storyboard; sourceTree = "<group>"; };
		D52CB74C1D870C170072029D /* Assets.xcassets */ = {isa = PBXFileReference; lastKnownFileType = folder.assetcatalog; path = Assets.xcassets; sourceTree = "<group>"; };
		D52CB74F1D870C170072029D /* Base */ = {isa = PBXFileReference; lastKnownFileType = file.storyboard; name = Base; path = Base.lproj/LaunchScreen.storyboard; sourceTree = "<group>"; };
		D52CB7511D870C170072029D /* Info.plist */ = {isa = PBXFileReference; lastKnownFileType = text.plist.xml; path = Info.plist; sourceTree = "<group>"; };
/* End PBXFileReference section */

/* Begin PBXFrameworksBuildPhase section */
		D52CB73F1D870C170072029D /* Frameworks */ = {
			isa = PBXFrameworksBuildPhase;
			buildActionMask = 2147483647;
			files = (
			);
			runOnlyForDeploymentPostprocessing = 0;
		};
/* End PBXFrameworksBuildPhase section */

/* Begin PBXGroup section */
		D52CB7391D870C160072029D = {
			isa = PBXGroup;
			children = (
				D52CB7441D870C170072029D /* Scroll it */,
				D52CB7431D870C170072029D /* Products */,
			);
			sourceTree = "<group>";
		};
		D52CB7431D870C170072029D /* Products */ = {
			isa = PBXGroup;
			children = (
				D52CB7421D870C170072029D /* Scroll it.app */,
			);
			name = Products;
			sourceTree = "<group>";
		};
		D52CB7441D870C170072029D /* Scroll it */ = {
			isa = PBXGroup;
			children = (
				D52CB7451D870C170072029D /* AppDelegate.swift */,
				D52CB7471D870C170072029D /* ViewController.swift */,
				D52CB7491D870C170072029D /* Main.storyboard */,
				D52CB74C1D870C170072029D /* Assets.xcassets */,
				D52CB74E1D870C170072029D /* LaunchScreen.storyboard */,
				D52CB7511D870C170072029D /* Info.plist */,
			);
			path = "Scroll it";
			sourceTree = "<group>";
		};
/* End PBXGroup section */

/* Begin PBXNativeTarget section */
		D52CB7411D870C170072029D /* Scroll it */ = {
			isa = PBXNativeTarget;
			buildConfigurationList = D52CB7541D870C170072029D /* Build configuration list for PBXNativeTarget "Scroll it" */;
			buildPhases = (
				D52CB73E1D870C170072029D /* Sources */,
				D52CB73F1D870C170072029D /* Frameworks */,
				D52CB7401D870C170072029D /* Resources */,
			);
			buildRules = (
			);
			dependencies = (
			);
			name = "Scroll it";
			productName = "Scroll it";
			productReference = D52CB7421D870C170072029D /* Scroll it.app */;
			productType = "com.apple.product-type.application";
		};
/* End PBXNativeTarget section */

/* Begin PBXProject section */
		D52CB73A1D870C160072029D /* Project object */ = {
			isa = PBXProject;
			attributes = {
				LastSwiftUpdateCheck = 0800;
				LastUpgradeCheck = 0800;
				ORGANIZATIONNAME = "Michael Dunn";
				TargetAttributes = {
					D52CB7411D870C170072029D = {
						CreatedOnToolsVersion = 8.0;
						ProvisioningStyle = Automatic;
					};
				};
			};
			buildConfigurationList = D52CB73D1D870C160072029D /* Build configuration list for PBXProject "Scroll it" */;
			compatibilityVersion = "Xcode 3.2";
			developmentRegion = English;
			hasScannedForEncodings = 0;
			knownRegions = (
				en,
				Base,
			);
			mainGroup = D52CB7391D870C160072029D;
			productRefGroup = D52CB7431D870C170072029D /* Products */;
			projectDirPath = "";
			projectRoot = "";
			targets = (
				D52CB7411D870C170072029D /* Scroll it */,
			);
		};
/* End PBXProject section */

/* Begin PBXResourcesBuildPhase section */
		D52CB7401D870C170072029D /* Resources */ = {
			isa = PBXResourcesBuildPhase;
			buildActionMask = 2147483647;
			files = (
				D52CB7501D870C170072029D /* LaunchScreen.storyboard in Resources */,
				D52CB74D1D870C170072029D /* Assets.xcassets in Resources */,
				D52CB74B1D870C170072029D /* Main.storyboard in Resources */,
			);
			runOnlyForDeploymentPostprocessing = 0;
		};
/* End PBXResourcesBuildPhase section */

/* Begin PBXSourcesBuildPhase section */
		D52CB73E1D870C170072029D /* Sources */ = {
			isa = PBXSourcesBuildPhase;
			buildActionMask = 2147483647;
			files = (
				D52CB7481D870C170072029D /* ViewController.swift in Sources */,
				D52CB7461D870C170072029D /* AppDelegate.swift in Sources */,
			);
			runOnlyForDeploymentPostprocessing = 0;
		};
/* End PBXSourcesBuildPhase section */

/* Begin PBXVariantGroup section */
		D52CB7491D870C170072029D /* Main.storyboard */ = {
			isa = PBXVariantGroup;
			children = (
				D52CB74A1D870C170072029D /* Base */,
			);
			name = Main.storyboard;
			sourceTree = "<group>";
		};
		D52CB74E1D870C170072029D /* LaunchScreen.storyboard */ = {
			isa = PBXVariantGroup;
			children = (
				D52CB74F1D870C170072029D /* Base */,
			);
			name = LaunchScreen.storyboard;
			sourceTree = "<group>";
		};
/* End PBXVariantGroup section */

/* Begin XCBuildConfiguration section */
		D52CB7521D870C170072029D /* Debug */ = {
			isa = XCBuildConfiguration;
			buildSettings = {
				ALWAYS_SEARCH_USER_PATHS = NO;
				CLANG_ANALYZER_NONNULL = YES;
				CLANG_CXX_LANGUAGE_STANDARD = "gnu++0x";
				CLANG_CXX_LIBRARY = "libc++";
				CLANG_ENABLE_MODULES = YES;
				CLANG_ENABLE_OBJC_ARC = YES;
				CLANG_WARN_BOOL_CONVERSION = YES;
				CLANG_WARN_CONSTANT_CONVERSION = YES;
				CLANG_WARN_DIRECT_OBJC_ISA_USAGE = YES_ERROR;
				CLANG_WARN_DOCUMENTATION_COMMENTS = YES;
				CLANG_WARN_EMPTY_BODY = YES;
				CLANG_WARN_ENUM_CONVERSION = YES;
				CLANG_WARN_INFINITE_RECURSION = YES;
				CLANG_WARN_INT_CONVERSION = YES;
				CLANG_WARN_OBJC_ROOT_CLASS = YES_ERROR;
				CLANG_WARN_SUSPICIOUS_MOVES = YES;
				CLANG_WARN_UNREACHABLE_CODE = YES;
				CLANG_WARN__DUPLICATE_METHOD_MATCH = YES;
				"CODE_SIGN_IDENTITY[sdk=iphoneos*]" = "iPhone Developer";
				COPY_PHASE_STRIP = NO;
				DEBUG_INFORMATION_FORMAT = dwarf;
				ENABLE_STRICT_OBJC_MSGSEND = YES;
				ENABLE_TESTABILITY = YES;
				GCC_C_LANGUAGE_STANDARD = gnu99;
				GCC_DYNAMIC_NO_PIC = NO;
				GCC_NO_COMMON_BLOCKS = YES;
				GCC_OPTIMIZATION_LEVEL = 0;
				GCC_PREPROCESSOR_DEFINITIONS = (
					"DEBUG=1",
					"$(inherited)",
				);
				GCC_WARN_64_TO_32_BIT_CONVERSION = YES;
				GCC_WARN_ABOUT_RETURN_TYPE = YES_ERROR;
				GCC_WARN_UNDECLARED_SELECTOR = YES;
				GCC_WARN_UNINITIALIZED_AUTOS = YES_AGGRESSIVE;
				GCC_WARN_UNUSED_FUNCTION = YES;
				GCC_WARN_UNUSED_VARIABLE = YES;
				IPHONEOS_DEPLOYMENT_TARGET = 10.0;
				MTL_ENABLE_DEBUG_INFO = YES;
				ONLY_ACTIVE_ARCH = YES;
				SDKROOT = iphoneos;
				SWIFT_ACTIVE_COMPILATION_CONDITIONS = DEBUG;
				SWIFT_OPTIMIZATION_LEVEL = "-Onone";
			};
			name = Debug;
		};
		D52CB7531D870C170072029D /* Release */ = {
			isa = XCBuildConfiguration;
			buildSettings = {
				ALWAYS_SEARCH_USER_PATHS = NO;
				CLANG_ANALYZER_NONNULL = YES;
				CLANG_CXX_LANGUAGE_STANDARD = "gnu++0x";
				CLANG_CXX_LIBRARY = "libc++";
				CLANG_ENABLE_MODULES = YES;
				CLANG_ENABLE_OBJC_ARC = YES;
				CLANG_WARN_BOOL_CONVERSION = YES;
				CLANG_WARN_CONSTANT_CONVERSION = YES;
				CLANG_WARN_DIRECT_OBJC_ISA_USAGE = YES_ERROR;
				CLANG_WARN_DOCUMENTATION_COMMENTS = YES;
				CLANG_WARN_EMPTY_BODY = YES;
				CLANG_WARN_ENUM_CONVERSION = YES;
				CLANG_WARN_INFINITE_RECURSION = YES;
				CLANG_WARN_INT_CONVERSION = YES;
				CLANG_WARN_OBJC_ROOT_CLASS = YES_ERROR;
				CLANG_WARN_SUSPICIOUS_MOVES = YES;
				CLANG_WARN_UNREACHABLE_CODE = YES;
				CLANG_WARN__DUPLICATE_METHOD_MATCH = YES;
				"CODE_SIGN_IDENTITY[sdk=iphoneos*]" = "iPhone Developer";
				COPY_PHASE_STRIP = NO;
				DEBUG_INFORMATION_FORMAT = "dwarf-with-dsym";
				ENABLE_NS_ASSERTIONS = NO;
				ENABLE_STRICT_OBJC_MSGSEND = YES;
				GCC_C_LANGUAGE_STANDARD = gnu99;
				GCC_NO_COMMON_BLOCKS = YES;
				GCC_WARN_64_TO_32_BIT_CONVERSION = YES;
				GCC_WARN_ABOUT_RETURN_TYPE = YES_ERROR;
				GCC_WARN_UNDECLARED_SELECTOR = YES;
				GCC_WARN_UNINITIALIZED_AUTOS = YES_AGGRESSIVE;
				GCC_WARN_UNUSED_FUNCTION = YES;
				GCC_WARN_UNUSED_VARIABLE = YES;
				IPHONEOS_DEPLOYMENT_TARGET = 10.0;
				MTL_ENABLE_DEBUG_INFO = NO;
				SDKROOT = iphoneos;
				SWIFT_OPTIMIZATION_LEVEL = "-Owholemodule";
				VALIDATE_PRODUCT = YES;
			};
			name = Release;
		};
		D52CB7551D870C170072029D /* Debug */ = {
			isa = XCBuildConfiguration;
			buildSettings = {
				ASSETCATALOG_COMPILER_APPICON_NAME = AppIcon;
				INFOPLIST_FILE = "Scroll it/Info.plist";
				LD_RUNPATH_SEARCH_PATHS = "$(inherited) @executable_path/Frameworks";
				PRODUCT_BUNDLE_IDENTIFIER = "com.alocus.Scroll-it";
				PRODUCT_NAME = "$(TARGET_NAME)";
				SWIFT_VERSION = 3.0;
			};
			name = Debug;
		};
		D52CB7561D870C170072029D /* Release */ = {
			isa = XCBuildConfiguration;
			buildSettings = {
				ASSETCATALOG_COMPILER_APPICON_NAME = AppIcon;
				INFOPLIST_FILE = "Scroll it/Info.plist";
				LD_RUNPATH_SEARCH_PATHS = "$(inherited) @executable_path/Frameworks";
				PRODUCT_BUNDLE_IDENTIFIER = "com.alocus.Scroll-it";
				PRODUCT_NAME = "$(TARGET_NAME)";
				SWIFT_VERSION = 3.0;
			};
			name = Release;
		};
/* End XCBuildConfiguration section */

/* Begin XCConfigurationList section */
		D52CB73D1D870C160072029D /* Build configuration list for PBXProject "Scroll it" */ = {
			isa = XCConfigurationList;
			buildConfigurations = (
				D52CB7521D870C170072029D /* Debug */,
				D52CB7531D870C170072029D /* Release */,
			);
			defaultConfigurationIsVisible = 0;
			defaultConfigurationName = Release;
		};
		D52CB7541D870C170072029D /* Build configuration list for PBXNativeTarget "Scroll it" */ = {
			isa = XCConfigurationList;
			buildConfigurations = (
				D52CB7551D870C170072029D /* Debug */,
				D52CB7561D870C170072029D /* Release */,
			);
			defaultConfigurationIsVisible = 0;
		};
/* End XCConfigurationList section */
	};
	rootObject = D52CB73A1D870C160072029D /* Project object */;
}
